
Microsoft Visual Studio Solution File, Format Version 12.00
# Visual Studio Version 17
VisualStudioVersion = 17.4.33110.190
MinimumVisualStudioVersion = 10.0.40219.1
Project("{FAE04EC0-301F-11D3-BF4B-00C04F79EFBC}") = "FINAL-CHALLENGE-SUBMISSION-ASSIGNMENT", "FINAL-CHALLENGE-SUBMISSION-ASSIGNMENT\FINAL-CHALLENGE-SUBMISSION-ASSIGNMENT.csproj", "{03803E74-0A40-4C15-AD7D-79FA4A60C7A6}"
EndProject
Global
	GlobalSection(SolutionConfigurationPlatforms) = preSolution
		Debug|Any CPU = Debug|Any CPU
		Release|Any CPU = Release|Any CPU
	EndGlobalSection
	GlobalSection(ProjectConfigurationPlatforms) = postSolution
		{03803E74-0A40-4C15-AD7D-79FA4A60C7A6}.Debug|Any CPU.ActiveCfg = Debug|Any CPU
		{03803E74-0A40-4C15-AD7D-79FA4A60C7A6}.Debug|Any CPU.Build.0 = Debug|Any CPU
		{03803E74-0A40-4C15-AD7D-79FA4A60C7A6}.Release|Any CPU.ActiveCfg = Release|Any CPU
		{03803E74-0A40-4C15-AD7D-79FA4A60C7A6}.Release|Any CPU.Build.0 = Release|Any CPU
	EndGlobalSection
	GlobalSection(SolutionProperties) = preSolution
		HideSolutionNode = FALSE
	EndGlobalSection
	GlobalSection(ExtensibilityGlobals) = postSolution
		SolutionGuid = {482019F4-55AE-41C6-B1D5-7D9924B3883E}
	EndGlobalSection
EndGlobal
