
Microsoft Visual Studio Solution File, Format Version 12.00
# Visual Studio Version 17
VisualStudioVersion = 17.4.33110.190
MinimumVisualStudioVersion = 10.0.40219.1
Project("{FAE04EC0-301F-11D3-BF4B-00C04F79EFBC}") = "WebApplication4", "WebApplication4\WebApplication4.csproj", "{12302B8F-A949-4409-8109-EC915506D19E}"
EndProject
Global
	GlobalSection(SolutionConfigurationPlatforms) = preSolution
		Debug|Any CPU = Debug|Any CPU
		Release|Any CPU = Release|Any CPU
	EndGlobalSection
	GlobalSection(ProjectConfigurationPlatforms) = postSolution
		{12302B8F-A949-4409-8109-EC915506D19E}.Debug|Any CPU.ActiveCfg = Debug|Any CPU
		{12302B8F-A949-4409-8109-EC915506D19E}.Debug|Any CPU.Build.0 = Debug|Any CPU
		{12302B8F-A949-4409-8109-EC915506D19E}.Release|Any CPU.ActiveCfg = Release|Any CPU
		{12302B8F-A949-4409-8109-EC915506D19E}.Release|Any CPU.Build.0 = Release|Any CPU
	EndGlobalSection
	GlobalSection(SolutionProperties) = preSolution
		HideSolutionNode = FALSE
	EndGlobalSection
	GlobalSection(ExtensibilityGlobals) = postSolution
		SolutionGuid = {DE9C8C26-7B2D-4E02-BF9E-31D97A47E63E}
	EndGlobalSection
EndGlobal
