
Microsoft Visual Studio Solution File, Format Version 12.00
# Visual Studio Version 17
VisualStudioVersion = 17.4.33110.190
MinimumVisualStudioVersion = 10.0.40219.1
Project("{FAE04EC0-301F-11D3-BF4B-00C04F79EFBC}") = "WebApplication1", "WebApplication1\WebApplication1.csproj", "{C6F693F0-5955-46D1-B1CA-CD8DB6C739AF}"
EndProject
Global
	GlobalSection(SolutionConfigurationPlatforms) = preSolution
		Debug|Any CPU = Debug|Any CPU
		Release|Any CPU = Release|Any CPU
	EndGlobalSection
	GlobalSection(ProjectConfigurationPlatforms) = postSolution
		{C6F693F0-5955-46D1-B1CA-CD8DB6C739AF}.Debug|Any CPU.ActiveCfg = Debug|Any CPU
		{C6F693F0-5955-46D1-B1CA-CD8DB6C739AF}.Debug|Any CPU.Build.0 = Debug|Any CPU
		{C6F693F0-5955-46D1-B1CA-CD8DB6C739AF}.Release|Any CPU.ActiveCfg = Release|Any CPU
		{C6F693F0-5955-46D1-B1CA-CD8DB6C739AF}.Release|Any CPU.Build.0 = Release|Any CPU
	EndGlobalSection
	GlobalSection(SolutionProperties) = preSolution
		HideSolutionNode = FALSE
	EndGlobalSection
	GlobalSection(ExtensibilityGlobals) = postSolution
		SolutionGuid = {DD01C89C-3563-4193-9182-827F65B55D30}
	EndGlobalSection
EndGlobal
