
Microsoft Visual Studio Solution File, Format Version 12.00
# Visual Studio Version 16
VisualStudioVersion = 16.0.32901.82
MinimumVisualStudioVersion = 10.0.40219.1
Project("{FAE04EC0-301F-11D3-BF4B-00C04F79EFBC}") = "TwentyOne", "TwentyOne\TwentyOne.csproj", "{6864F6FE-211F-456D-A19F-9573B628BD3B}"
EndProject
Project("{FAE04EC0-301F-11D3-BF4B-00C04F79EFBC}") = "Casino", "Casino\Casino.csproj", "{1816ED47-D44F-4BA0-AE1C-C219C86D5A41}"
EndProject
Global
	GlobalSection(SolutionConfigurationPlatforms) = preSolution
		Debug|Any CPU = Debug|Any CPU
		Release|Any CPU = Release|Any CPU
	EndGlobalSection
	GlobalSection(ProjectConfigurationPlatforms) = postSolution
		{6864F6FE-211F-456D-A19F-9573B628BD3B}.Debug|Any CPU.ActiveCfg = Debug|Any CPU
		{6864F6FE-211F-456D-A19F-9573B628BD3B}.Debug|Any CPU.Build.0 = Debug|Any CPU
		{6864F6FE-211F-456D-A19F-9573B628BD3B}.Release|Any CPU.ActiveCfg = Release|Any CPU
		{6864F6FE-211F-456D-A19F-9573B628BD3B}.Release|Any CPU.Build.0 = Release|Any CPU
		{1816ED47-D44F-4BA0-AE1C-C219C86D5A41}.Debug|Any CPU.ActiveCfg = Debug|Any CPU
		{1816ED47-D44F-4BA0-AE1C-C219C86D5A41}.Debug|Any CPU.Build.0 = Debug|Any CPU
		{1816ED47-D44F-4BA0-AE1C-C219C86D5A41}.Release|Any CPU.ActiveCfg = Release|Any CPU
		{1816ED47-D44F-4BA0-AE1C-C219C86D5A41}.Release|Any CPU.Build.0 = Release|Any CPU
	EndGlobalSection
	GlobalSection(SolutionProperties) = preSolution
		HideSolutionNode = FALSE
	EndGlobalSection
	GlobalSection(ExtensibilityGlobals) = postSolution
		SolutionGuid = {C9350A64-133A-42D2-83BC-187ADEF50356}
	EndGlobalSection
EndGlobal
