
Microsoft Visual Studio Solution File, Format Version 12.00
# Visual Studio Version 16
VisualStudioVersion = 16.0.32901.82
MinimumVisualStudioVersion = 10.0.40219.1
Project("{FAE04EC0-301F-11D3-BF4B-00C04F79EFBC}") = "Class Submission Assignment", "Class Submission Assignment\Class Submission Assignment.csproj", "{2E896524-2635-4967-BC79-335782216194}"
EndProject
Global
	GlobalSection(SolutionConfigurationPlatforms) = preSolution
		Debug|Any CPU = Debug|Any CPU
		Release|Any CPU = Release|Any CPU
	EndGlobalSection
	GlobalSection(ProjectConfigurationPlatforms) = postSolution
		{2E896524-2635-4967-BC79-335782216194}.Debug|Any CPU.ActiveCfg = Debug|Any CPU
		{2E896524-2635-4967-BC79-335782216194}.Debug|Any CPU.Build.0 = Debug|Any CPU
		{2E896524-2635-4967-BC79-335782216194}.Release|Any CPU.ActiveCfg = Release|Any CPU
		{2E896524-2635-4967-BC79-335782216194}.Release|Any CPU.Build.0 = Release|Any CPU
	EndGlobalSection
	GlobalSection(SolutionProperties) = preSolution
		HideSolutionNode = FALSE
	EndGlobalSection
	GlobalSection(ExtensibilityGlobals) = postSolution
		SolutionGuid = {887F0BFC-686F-4EF6-841B-E082CA619A2B}
	EndGlobalSection
EndGlobal
